
Microsoft Visual Studio Solution File, Format Version 12.00
Project("{FAE04EC0-301F-11D3-BF4B-00C04F79EFBC}") = "lhoAuthorizer", "src\lhoAuthorizer.csproj", "{4636982B-EB03-46F5-A991-0E9F5561AA95}"
EndProject
Global
	GlobalSection(SolutionConfigurationPlatforms) = preSolution
		Debug|Any CPU = Debug|Any CPU
		Release|Any CPU = Release|Any CPU
	EndGlobalSection
	GlobalSection(ProjectConfigurationPlatforms) = postSolution
		{4636982B-EB03-46F5-A991-0E9F5561AA95}.Debug|Any CPU.ActiveCfg = Debug|Any CPU
		{4636982B-EB03-46F5-A991-0E9F5561AA95}.Debug|Any CPU.Build.0 = Debug|Any CPU
		{4636982B-EB03-46F5-A991-0E9F5561AA95}.Release|Any CPU.ActiveCfg = Release|Any CPU
		{4636982B-EB03-46F5-A991-0E9F5561AA95}.Release|Any CPU.Build.0 = Release|Any CPU
	EndGlobalSection
EndGlobal
